
Microsoft Visual Studio Solution File, Format Version 12.00
# Visual Studio Version 16
VisualStudioVersion = 16.0.31424.327
MinimumVisualStudioVersion = 10.0.40219.1
Project("{FAE04EC0-301F-11D3-BF4B-00C04F79EFBC}") = "Desicion Str 3 ( Alışveriş tutarı", "Desicion Str 3 ( Alışveriş tutarı\Desicion Str 3 ( Alışveriş tutarı.csproj", "{B6346383-0C75-4B54-84B6-96AC50AA920F}"
EndProject
Global
	GlobalSection(SolutionConfigurationPlatforms) = preSolution
		Debug|Any CPU = Debug|Any CPU
		Release|Any CPU = Release|Any CPU
	EndGlobalSection
	GlobalSection(ProjectConfigurationPlatforms) = postSolution
		{B6346383-0C75-4B54-84B6-96AC50AA920F}.Debug|Any CPU.ActiveCfg = Debug|Any CPU
		{B6346383-0C75-4B54-84B6-96AC50AA920F}.Debug|Any CPU.Build.0 = Debug|Any CPU
		{B6346383-0C75-4B54-84B6-96AC50AA920F}.Release|Any CPU.ActiveCfg = Release|Any CPU
		{B6346383-0C75-4B54-84B6-96AC50AA920F}.Release|Any CPU.Build.0 = Release|Any CPU
	EndGlobalSection
	GlobalSection(SolutionProperties) = preSolution
		HideSolutionNode = FALSE
	EndGlobalSection
	GlobalSection(ExtensibilityGlobals) = postSolution
		SolutionGuid = {96FFB5B3-8964-4276-867E-2D71231C4B16}
	EndGlobalSection
EndGlobal
